
Microsoft Visual Studio Solution File, Format Version 12.00
# Visual Studio 15
VisualStudioVersion = 15.0.27428.2027
MinimumVisualStudioVersion = 10.0.40219.1
Project("{FAE04EC0-301F-11D3-BF4B-00C04F79EFBC}") = "2dPrimitivesServer", "2dPrimitivesServer.csproj", "{963748BF-BC29-42FD-AE71-D9C8A035957E}"
EndProject
Global
	GlobalSection(SolutionConfigurationPlatforms) = preSolution
		Debug|Any CPU = Debug|Any CPU
		Release|Any CPU = Release|Any CPU
	EndGlobalSection
	GlobalSection(ProjectConfigurationPlatforms) = postSolution
		{963748BF-BC29-42FD-AE71-D9C8A035957E}.Debug|Any CPU.ActiveCfg = Debug|Any CPU
		{963748BF-BC29-42FD-AE71-D9C8A035957E}.Debug|Any CPU.Build.0 = Debug|Any CPU
		{963748BF-BC29-42FD-AE71-D9C8A035957E}.Release|Any CPU.ActiveCfg = Release|Any CPU
		{963748BF-BC29-42FD-AE71-D9C8A035957E}.Release|Any CPU.Build.0 = Release|Any CPU
	EndGlobalSection
	GlobalSection(SolutionProperties) = preSolution
		HideSolutionNode = FALSE
	EndGlobalSection
	GlobalSection(ExtensibilityGlobals) = postSolution
		SolutionGuid = {A88484A4-DF56-4AF3-A7DC-5ED696BAC942}
	EndGlobalSection
EndGlobal
